// !$*UTF8*$!
{
	archiveVersion = 1;
	classes = {
	};
	objectVersion = 48;
	objects = {

/* Begin PBXBuildFile section */
		C62EA3291FAB400C00E0BDFD /* UserViewCell.swift in Sources */ = {isa = PBXBuildFile; fileRef = C62EA3281FAB400C00E0BDFD /* UserViewCell.swift */; };
		C63A370C1FA7A21D00E0294B /* AppDelegate.swift in Sources */ = {isa = PBXBuildFile; fileRef = C63A370B1FA7A21D00E0294B /* AppDelegate.swift */; };
		C63A37111FA7A21D00E0294B /* Main.storyboard in Resources */ = {isa = PBXBuildFile; fileRef = C63A370F1FA7A21D00E0294B /* Main.storyboard */; };
		C63A37131FA7A21D00E0294B /* Assets.xcassets in Resources */ = {isa = PBXBuildFile; fileRef = C63A37121FA7A21D00E0294B /* Assets.xcassets */; };
		C63A37161FA7A21D00E0294B /* LaunchScreen.storyboard in Resources */ = {isa = PBXBuildFile; fileRef = C63A37141FA7A21D00E0294B /* LaunchScreen.storyboard */; };
		C63A37221FA7A34500E0294B /* UserInfoViewController.swift in Sources */ = {isa = PBXBuildFile; fileRef = C63A37211FA7A34500E0294B /* UserInfoViewController.swift */; };
		C63A37241FA7A44E00E0294B /* User.swift in Sources */ = {isa = PBXBuildFile; fileRef = C63A37231FA7A44E00E0294B /* User.swift */; };
		C63A37261FA7A75D00E0294B /* APIManger.swift in Sources */ = {isa = PBXBuildFile; fileRef = C63A37251FA7A75D00E0294B /* APIManger.swift */; };
		C647C9F91FAC34C800050847 /* UsersTableViewController.swift in Sources */ = {isa = PBXBuildFile; fileRef = C647C9F81FAC34C800050847 /* UsersTableViewController.swift */; };
		C6962BA81FB026690084728F /* DBManager.swift in Sources */ = {isa = PBXBuildFile; fileRef = C6962BA71FB026690084728F /* DBManager.swift */; };
/* End PBXBuildFile section */

/* Begin PBXFileReference section */
		C62EA3281FAB400C00E0BDFD /* UserViewCell.swift */ = {isa = PBXFileReference; lastKnownFileType = sourcecode.swift; path = UserViewCell.swift; sourceTree = "<group>"; };
		C63A37081FA7A21D00E0294B /* UsersApp.app */ = {isa = PBXFileReference; explicitFileType = wrapper.application; includeInIndex = 0; path = UsersApp.app; sourceTree = BUILT_PRODUCTS_DIR; };
		C63A370B1FA7A21D00E0294B /* AppDelegate.swift */ = {isa = PBXFileReference; lastKnownFileType = sourcecode.swift; path = AppDelegate.swift; sourceTree = "<group>"; };
		C63A37101FA7A21D00E0294B /* Base */ = {isa = PBXFileReference; lastKnownFileType = file.storyboard; name = Base; path = Base.lproj/Main.storyboard; sourceTree = "<group>"; };
		C63A37121FA7A21D00E0294B /* Assets.xcassets */ = {isa = PBXFileReference; lastKnownFileType = folder.assetcatalog; path = Assets.xcassets; sourceTree = "<group>"; };
		C63A37151FA7A21D00E0294B /* Base */ = {isa = PBXFileReference; lastKnownFileType = file.storyboard; name = Base; path = Base.lproj/LaunchScreen.storyboard; sourceTree = "<group>"; };
		C63A37171FA7A21D00E0294B /* Info.plist */ = {isa = PBXFileReference; lastKnownFileType = text.plist.xml; path = Info.plist; sourceTree = "<group>"; };
		C63A37211FA7A34500E0294B /* UserInfoViewController.swift */ = {isa = PBXFileReference; lastKnownFileType = sourcecode.swift; path = UserInfoViewController.swift; sourceTree = "<group>"; };
		C63A37231FA7A44E00E0294B /* User.swift */ = {isa = PBXFileReference; lastKnownFileType = sourcecode.swift; path = User.swift; sourceTree = "<group>"; };
		C63A37251FA7A75D00E0294B /* APIManger.swift */ = {isa = PBXFileReference; lastKnownFileType = sourcecode.swift; path = APIManger.swift; sourceTree = "<group>"; };
		C647C9F81FAC34C800050847 /* UsersTableViewController.swift */ = {isa = PBXFileReference; lastKnownFileType = sourcecode.swift; path = UsersTableViewController.swift; sourceTree = "<group>"; };
		C653CDB61FAF16D000639FA8 /* libsqlite3.tbd */ = {isa = PBXFileReference; lastKnownFileType = "sourcecode.text-based-dylib-definition"; name = libsqlite3.tbd; path = usr/lib/libsqlite3.tbd; sourceTree = SDKROOT; };
		C6962BA71FB026690084728F /* DBManager.swift */ = {isa = PBXFileReference; fileEncoding = 4; lastKnownFileType = sourcecode.swift; path = DBManager.swift; sourceTree = "<group>"; };
/* End PBXFileReference section */

/* Begin PBXFrameworksBuildPhase section */
		C63A37051FA7A21D00E0294B /* Frameworks */ = {
			isa = PBXFrameworksBuildPhase;
			buildActionMask = 2147483647;
			files = (
			);
			runOnlyForDeploymentPostprocessing = 0;
		};
/* End PBXFrameworksBuildPhase section */

/* Begin PBXGroup section */
		C63A36FF1FA7A21D00E0294B = {
			isa = PBXGroup;
			children = (
				C63A370A1FA7A21D00E0294B /* UsersApp */,
				C63A37091FA7A21D00E0294B /* Products */,
				C653CDB51FAF16D000639FA8 /* Frameworks */,
			);
			sourceTree = "<group>";
		};
		C63A37091FA7A21D00E0294B /* Products */ = {
			isa = PBXGroup;
			children = (
				C63A37081FA7A21D00E0294B /* UsersApp.app */,
			);
			name = Products;
			sourceTree = "<group>";
		};
		C63A370A1FA7A21D00E0294B /* UsersApp */ = {
			isa = PBXGroup;
			children = (
				C6962BA71FB026690084728F /* DBManager.swift */,
				C63A370F1FA7A21D00E0294B /* Main.storyboard */,
				C647C9F81FAC34C800050847 /* UsersTableViewController.swift */,
				C62EA3281FAB400C00E0BDFD /* UserViewCell.swift */,
				C63A37211FA7A34500E0294B /* UserInfoViewController.swift */,
				C63A37231FA7A44E00E0294B /* User.swift */,
				C63A37251FA7A75D00E0294B /* APIManger.swift */,
				C63A370B1FA7A21D00E0294B /* AppDelegate.swift */,
				C63A37121FA7A21D00E0294B /* Assets.xcassets */,
				C63A37141FA7A21D00E0294B /* LaunchScreen.storyboard */,
				C63A37171FA7A21D00E0294B /* Info.plist */,
			);
			path = UsersApp;
			sourceTree = "<group>";
		};
		C653CDB51FAF16D000639FA8 /* Frameworks */ = {
			isa = PBXGroup;
			children = (
				C653CDB61FAF16D000639FA8 /* libsqlite3.tbd */,
			);
			name = Frameworks;
			sourceTree = "<group>";
		};
/* End PBXGroup section */

/* Begin PBXNativeTarget section */
		C63A37071FA7A21D00E0294B /* UsersApp */ = {
			isa = PBXNativeTarget;
			buildConfigurationList = C63A371A1FA7A21D00E0294B /* Build configuration list for PBXNativeTarget "UsersApp" */;
			buildPhases = (
				C63A37041FA7A21D00E0294B /* Sources */,
				C63A37051FA7A21D00E0294B /* Frameworks */,
				C63A37061FA7A21D00E0294B /* Resources */,
			);
			buildRules = (
			);
			dependencies = (
			);
			name = UsersApp;
			productName = UsersApp;
			productReference = C63A37081FA7A21D00E0294B /* UsersApp.app */;
			productType = "com.apple.product-type.application";
		};
/* End PBXNativeTarget section */

/* Begin PBXProject section */
		C63A37001FA7A21D00E0294B /* Project object */ = {
			isa = PBXProject;
			attributes = {
				LastSwiftUpdateCheck = 0900;
				LastUpgradeCheck = 0900;
				ORGANIZATIONNAME = RuslanKa;
				TargetAttributes = {
					C63A37071FA7A21D00E0294B = {
						CreatedOnToolsVersion = 9.0.1;
						ProvisioningStyle = Automatic;
					};
				};
			};
			buildConfigurationList = C63A37031FA7A21D00E0294B /* Build configuration list for PBXProject "UsersApp" */;
			compatibilityVersion = "Xcode 8.0";
			developmentRegion = en;
			hasScannedForEncodings = 0;
			knownRegions = (
				en,
				Base,
			);
			mainGroup = C63A36FF1FA7A21D00E0294B;
			productRefGroup = C63A37091FA7A21D00E0294B /* Products */;
			projectDirPath = "";
			projectRoot = "";
			targets = (
				C63A37071FA7A21D00E0294B /* UsersApp */,
			);
		};
/* End PBXProject section */

/* Begin PBXResourcesBuildPhase section */
		C63A37061FA7A21D00E0294B /* Resources */ = {
			isa = PBXResourcesBuildPhase;
			buildActionMask = 2147483647;
			files = (
				C63A37161FA7A21D00E0294B /* LaunchScreen.storyboard in Resources */,
				C63A37131FA7A21D00E0294B /* Assets.xcassets in Resources */,
				C63A37111FA7A21D00E0294B /* Main.storyboard in Resources */,
			);
			runOnlyForDeploymentPostprocessing = 0;
		};
/* End PBXResourcesBuildPhase section */

/* Begin PBXSourcesBuildPhase section */
		C63A37041FA7A21D00E0294B /* Sources */ = {
			isa = PBXSourcesBuildPhase;
			buildActionMask = 2147483647;
			files = (
				C63A37261FA7A75D00E0294B /* APIManger.swift in Sources */,
				C62EA3291FAB400C00E0BDFD /* UserViewCell.swift in Sources */,
				C647C9F91FAC34C800050847 /* UsersTableViewController.swift in Sources */,
				C63A37221FA7A34500E0294B /* UserInfoViewController.swift in Sources */,
				C63A370C1FA7A21D00E0294B /* AppDelegate.swift in Sources */,
				C63A37241FA7A44E00E0294B /* User.swift in Sources */,
				C6962BA81FB026690084728F /* DBManager.swift in Sources */,
			);
			runOnlyForDeploymentPostprocessing = 0;
		};
/* End PBXSourcesBuildPhase section */

/* Begin PBXVariantGroup section */
		C63A370F1FA7A21D00E0294B /* Main.storyboard */ = {
			isa = PBXVariantGroup;
			children = (
				C63A37101FA7A21D00E0294B /* Base */,
			);
			name = Main.storyboard;
			sourceTree = "<group>";
		};
		C63A37141FA7A21D00E0294B /* LaunchScreen.storyboard */ = {
			isa = PBXVariantGroup;
			children = (
				C63A37151FA7A21D00E0294B /* Base */,
			);
			name = LaunchScreen.storyboard;
			sourceTree = "<group>";
		};
/* End PBXVariantGroup section */

/* Begin XCBuildConfiguration section */
		C63A37181FA7A21D00E0294B /* Debug */ = {
			isa = XCBuildConfiguration;
			buildSettings = {
				ALWAYS_SEARCH_USER_PATHS = NO;
				CLANG_ANALYZER_NONNULL = YES;
				CLANG_ANALYZER_NUMBER_OBJECT_CONVERSION = YES_AGGRESSIVE;
				CLANG_CXX_LANGUAGE_STANDARD = "gnu++14";
				CLANG_CXX_LIBRARY = "libc++";
				CLANG_ENABLE_MODULES = YES;
				CLANG_ENABLE_OBJC_ARC = YES;
				CLANG_WARN_BLOCK_CAPTURE_AUTORELEASING = YES;
				CLANG_WARN_BOOL_CONVERSION = YES;
				CLANG_WARN_COMMA = YES;
				CLANG_WARN_CONSTANT_CONVERSION = YES;
				CLANG_WARN_DIRECT_OBJC_ISA_USAGE = YES_ERROR;
				CLANG_WARN_DOCUMENTATION_COMMENTS = YES;
				CLANG_WARN_EMPTY_BODY = YES;
				CLANG_WARN_ENUM_CONVERSION = YES;
				CLANG_WARN_INFINITE_RECURSION = YES;
				CLANG_WARN_INT_CONVERSION = YES;
				CLANG_WARN_NON_LITERAL_NULL_CONVERSION = YES;
				CLANG_WARN_OBJC_LITERAL_CONVERSION = YES;
				CLANG_WARN_OBJC_ROOT_CLASS = YES_ERROR;
				CLANG_WARN_RANGE_LOOP_ANALYSIS = YES;
				CLANG_WARN_STRICT_PROTOTYPES = YES;
				CLANG_WARN_SUSPICIOUS_MOVE = YES;
				CLANG_WARN_UNGUARDED_AVAILABILITY = YES_AGGRESSIVE;
				CLANG_WARN_UNREACHABLE_CODE = YES;
				CLANG_WARN__DUPLICATE_METHOD_MATCH = YES;
				CODE_SIGN_IDENTITY = "iPhone Developer";
				COPY_PHASE_STRIP = NO;
				DEBUG_INFORMATION_FORMAT = dwarf;
				ENABLE_STRICT_OBJC_MSGSEND = YES;
				ENABLE_TESTABILITY = YES;
				GCC_C_LANGUAGE_STANDARD = gnu11;
				GCC_DYNAMIC_NO_PIC = NO;
				GCC_NO_COMMON_BLOCKS = YES;
				GCC_OPTIMIZATION_LEVEL = 0;
				GCC_PREPROCESSOR_DEFINITIONS = (
					"DEBUG=1",
					"$(inherited)",
				);
				GCC_WARN_64_TO_32_BIT_CONVERSION = YES;
				GCC_WARN_ABOUT_RETURN_TYPE = YES_ERROR;
				GCC_WARN_UNDECLARED_SELECTOR = YES;
				GCC_WARN_UNINITIALIZED_AUTOS = YES_AGGRESSIVE;
				GCC_WARN_UNUSED_FUNCTION = YES;
				GCC_WARN_UNUSED_VARIABLE = YES;
				IPHONEOS_DEPLOYMENT_TARGET = 11.0;
				MTL_ENABLE_DEBUG_INFO = YES;
				ONLY_ACTIVE_ARCH = YES;
				SDKROOT = iphoneos;
				SWIFT_ACTIVE_COMPILATION_CONDITIONS = DEBUG;
				SWIFT_OPTIMIZATION_LEVEL = "-Onone";
			};
			name = Debug;
		};
		C63A37191FA7A21D00E0294B /* Release */ = {
			isa = XCBuildConfiguration;
			buildSettings = {
				ALWAYS_SEARCH_USER_PATHS = NO;
				CLANG_ANALYZER_NONNULL = YES;
				CLANG_ANALYZER_NUMBER_OBJECT_CONVERSION = YES_AGGRESSIVE;
				CLANG_CXX_LANGUAGE_STANDARD = "gnu++14";
				CLANG_CXX_LIBRARY = "libc++";
				CLANG_ENABLE_MODULES = YES;
				CLANG_ENABLE_OBJC_ARC = YES;
				CLANG_WARN_BLOCK_CAPTURE_AUTORELEASING = YES;
				CLANG_WARN_BOOL_CONVERSION = YES;
				CLANG_WARN_COMMA = YES;
				CLANG_WARN_CONSTANT_CONVERSION = YES;
				CLANG_WARN_DIRECT_OBJC_ISA_USAGE = YES_ERROR;
				CLANG_WARN_DOCUMENTATION_COMMENTS = YES;
				CLANG_WARN_EMPTY_BODY = YES;
				CLANG_WARN_ENUM_CONVERSION = YES;
				CLANG_WARN_INFINITE_RECURSION = YES;
				CLANG_WARN_INT_CONVERSION = YES;
				CLANG_WARN_NON_LITERAL_NULL_CONVERSION = YES;
				CLANG_WARN_OBJC_LITERAL_CONVERSION = YES;
				CLANG_WARN_OBJC_ROOT_CLASS = YES_ERROR;
				CLANG_WARN_RANGE_LOOP_ANALYSIS = YES;
				CLANG_WARN_STRICT_PROTOTYPES = YES;
				CLANG_WARN_SUSPICIOUS_MOVE = YES;
				CLANG_WARN_UNGUARDED_AVAILABILITY = YES_AGGRESSIVE;
				CLANG_WARN_UNREACHABLE_CODE = YES;
				CLANG_WARN__DUPLICATE_METHOD_MATCH = YES;
				CODE_SIGN_IDENTITY = "iPhone Developer";
				COPY_PHASE_STRIP = NO;
				DEBUG_INFORMATION_FORMAT = "dwarf-with-dsym";
				ENABLE_NS_ASSERTIONS = NO;
				ENABLE_STRICT_OBJC_MSGSEND = YES;
				GCC_C_LANGUAGE_STANDARD = gnu11;
				GCC_NO_COMMON_BLOCKS = YES;
				GCC_WARN_64_TO_32_BIT_CONVERSION = YES;
				GCC_WARN_ABOUT_RETURN_TYPE = YES_ERROR;
				GCC_WARN_UNDECLARED_SELECTOR = YES;
				GCC_WARN_UNINITIALIZED_AUTOS = YES_AGGRESSIVE;
				GCC_WARN_UNUSED_FUNCTION = YES;
				GCC_WARN_UNUSED_VARIABLE = YES;
				IPHONEOS_DEPLOYMENT_TARGET = 11.0;
				MTL_ENABLE_DEBUG_INFO = NO;
				SDKROOT = iphoneos;
				SWIFT_OPTIMIZATION_LEVEL = "-Owholemodule";
				VALIDATE_PRODUCT = YES;
			};
			name = Release;
		};
		C63A371B1FA7A21D00E0294B /* Debug */ = {
			isa = XCBuildConfiguration;
			buildSettings = {
				ASSETCATALOG_COMPILER_APPICON_NAME = AppIcon;
				CODE_SIGN_STYLE = Automatic;
				DEVELOPMENT_TEAM = VSMQ53TQRL;
				INFOPLIST_FILE = UsersApp/Info.plist;
				LD_RUNPATH_SEARCH_PATHS = "$(inherited) @executable_path/Frameworks";
				PRODUCT_BUNDLE_IDENTIFIER = test.UsersApp;
				PRODUCT_NAME = "$(TARGET_NAME)";
				SWIFT_VERSION = 4.0;
				TARGETED_DEVICE_FAMILY = "1,2";
			};
			name = Debug;
		};
		C63A371C1FA7A21D00E0294B /* Release */ = {
			isa = XCBuildConfiguration;
			buildSettings = {
				ASSETCATALOG_COMPILER_APPICON_NAME = AppIcon;
				CODE_SIGN_STYLE = Automatic;
				DEVELOPMENT_TEAM = VSMQ53TQRL;
				INFOPLIST_FILE = UsersApp/Info.plist;
				LD_RUNPATH_SEARCH_PATHS = "$(inherited) @executable_path/Frameworks";
				PRODUCT_BUNDLE_IDENTIFIER = test.UsersApp;
				PRODUCT_NAME = "$(TARGET_NAME)";
				SWIFT_VERSION = 4.0;
				TARGETED_DEVICE_FAMILY = "1,2";
			};
			name = Release;
		};
/* End XCBuildConfiguration section */

/* Begin XCConfigurationList section */
		C63A37031FA7A21D00E0294B /* Build configuration list for PBXProject "UsersApp" */ = {
			isa = XCConfigurationList;
			buildConfigurations = (
				C63A37181FA7A21D00E0294B /* Debug */,
				C63A37191FA7A21D00E0294B /* Release */,
			);
			defaultConfigurationIsVisible = 0;
			defaultConfigurationName = Release;
		};
		C63A371A1FA7A21D00E0294B /* Build configuration list for PBXNativeTarget "UsersApp" */ = {
			isa = XCConfigurationList;
			buildConfigurations = (
				C63A371B1FA7A21D00E0294B /* Debug */,
				C63A371C1FA7A21D00E0294B /* Release */,
			);
			defaultConfigurationIsVisible = 0;
			defaultConfigurationName = Release;
		};
/* End XCConfigurationList section */
	};
	rootObject = C63A37001FA7A21D00E0294B /* Project object */;
}
